// !$*UTF8*$!
{
	archiveVersion = 1;
	classes = {
	};
	objectVersion = 56;
	objects = {

/* Begin PBXBuildFile section */
		ECB8C46629AE49BA0035AC59 /* simple_mvvm_swiftuiApp.swift in Sources */ = {isa = PBXBuildFile; fileRef = ECB8C46529AE49BA0035AC59 /* simple_mvvm_swiftuiApp.swift */; };
		ECB8C46829AE49BA0035AC59 /* ContentView.swift in Sources */ = {isa = PBXBuildFile; fileRef = ECB8C46729AE49BA0035AC59 /* ContentView.swift */; };
		ECB8C46A29AE49BB0035AC59 /* Assets.xcassets in Resources */ = {isa = PBXBuildFile; fileRef = ECB8C46929AE49BB0035AC59 /* Assets.xcassets */; };
		ECB8C46D29AE49BB0035AC59 /* Preview Assets.xcassets in Resources */ = {isa = PBXBuildFile; fileRef = ECB8C46C29AE49BB0035AC59 /* Preview Assets.xcassets */; };
		ECB8C47729AE49BB0035AC59 /* simple_mvvm_swiftuiTests.swift in Sources */ = {isa = PBXBuildFile; fileRef = ECB8C47629AE49BB0035AC59 /* simple_mvvm_swiftuiTests.swift */; };
		ECB8C48129AE49BB0035AC59 /* simple_mvvm_swiftuiUITests.swift in Sources */ = {isa = PBXBuildFile; fileRef = ECB8C48029AE49BB0035AC59 /* simple_mvvm_swiftuiUITests.swift */; };
		ECB8C48329AE49BB0035AC59 /* simple_mvvm_swiftuiUITestsLaunchTests.swift in Sources */ = {isa = PBXBuildFile; fileRef = ECB8C48229AE49BB0035AC59 /* simple_mvvm_swiftuiUITestsLaunchTests.swift */; };
		ECB8C49129AE4A410035AC59 /* ItemStore.swift in Sources */ = {isa = PBXBuildFile; fileRef = ECB8C49029AE4A410035AC59 /* ItemStore.swift */; };
		ECB8C49429AE4A810035AC59 /* ItemListView.swift in Sources */ = {isa = PBXBuildFile; fileRef = ECB8C49329AE4A810035AC59 /* ItemListView.swift */; };
		ECB8C49929AE4AB80035AC59 /* ItemViewModel.swift in Sources */ = {isa = PBXBuildFile; fileRef = ECB8C49829AE4AB80035AC59 /* ItemViewModel.swift */; };
		ECB8C49B29AE64C00035AC59 /* ItemViewModelTest.swift in Sources */ = {isa = PBXBuildFile; fileRef = ECB8C49A29AE64C00035AC59 /* ItemViewModelTest.swift */; };
/* End PBXBuildFile section */

/* Begin PBXContainerItemProxy section */
		ECB8C47329AE49BB0035AC59 /* PBXContainerItemProxy */ = {
			isa = PBXContainerItemProxy;
			containerPortal = ECB8C45A29AE49BA0035AC59 /* Project object */;
			proxyType = 1;
			remoteGlobalIDString = ECB8C46129AE49BA0035AC59;
			remoteInfo = "simple-mvvm-swiftui";
		};
		ECB8C47D29AE49BB0035AC59 /* PBXContainerItemProxy */ = {
			isa = PBXContainerItemProxy;
			containerPortal = ECB8C45A29AE49BA0035AC59 /* Project object */;
			proxyType = 1;
			remoteGlobalIDString = ECB8C46129AE49BA0035AC59;
			remoteInfo = "simple-mvvm-swiftui";
		};
/* End PBXContainerItemProxy section */

/* Begin PBXFileReference section */
		ECB8C46229AE49BA0035AC59 /* simple-mvvm-swiftui.app */ = {isa = PBXFileReference; explicitFileType = wrapper.application; includeInIndex = 0; path = "simple-mvvm-swiftui.app"; sourceTree = BUILT_PRODUCTS_DIR; };
		ECB8C46529AE49BA0035AC59 /* simple_mvvm_swiftuiApp.swift */ = {isa = PBXFileReference; lastKnownFileType = sourcecode.swift; path = simple_mvvm_swiftuiApp.swift; sourceTree = "<group>"; };
		ECB8C46729AE49BA0035AC59 /* ContentView.swift */ = {isa = PBXFileReference; lastKnownFileType = sourcecode.swift; path = ContentView.swift; sourceTree = "<group>"; };
		ECB8C46929AE49BB0035AC59 /* Assets.xcassets */ = {isa = PBXFileReference; lastKnownFileType = folder.assetcatalog; path = Assets.xcassets; sourceTree = "<group>"; };
		ECB8C46C29AE49BB0035AC59 /* Preview Assets.xcassets */ = {isa = PBXFileReference; lastKnownFileType = folder.assetcatalog; path = "Preview Assets.xcassets"; sourceTree = "<group>"; };
		ECB8C47229AE49BB0035AC59 /* simple-mvvm-swiftuiTests.xctest */ = {isa = PBXFileReference; explicitFileType = wrapper.cfbundle; includeInIndex = 0; path = "simple-mvvm-swiftuiTests.xctest"; sourceTree = BUILT_PRODUCTS_DIR; };
		ECB8C47629AE49BB0035AC59 /* simple_mvvm_swiftuiTests.swift */ = {isa = PBXFileReference; lastKnownFileType = sourcecode.swift; path = simple_mvvm_swiftuiTests.swift; sourceTree = "<group>"; };
		ECB8C47C29AE49BB0035AC59 /* simple-mvvm-swiftuiUITests.xctest */ = {isa = PBXFileReference; explicitFileType = wrapper.cfbundle; includeInIndex = 0; path = "simple-mvvm-swiftuiUITests.xctest"; sourceTree = BUILT_PRODUCTS_DIR; };
		ECB8C48029AE49BB0035AC59 /* simple_mvvm_swiftuiUITests.swift */ = {isa = PBXFileReference; lastKnownFileType = sourcecode.swift; path = simple_mvvm_swiftuiUITests.swift; sourceTree = "<group>"; };
		ECB8C48229AE49BB0035AC59 /* simple_mvvm_swiftuiUITestsLaunchTests.swift */ = {isa = PBXFileReference; lastKnownFileType = sourcecode.swift; path = simple_mvvm_swiftuiUITestsLaunchTests.swift; sourceTree = "<group>"; };
		ECB8C49029AE4A410035AC59 /* ItemStore.swift */ = {isa = PBXFileReference; lastKnownFileType = sourcecode.swift; path = ItemStore.swift; sourceTree = "<group>"; };
		ECB8C49329AE4A810035AC59 /* ItemListView.swift */ = {isa = PBXFileReference; lastKnownFileType = sourcecode.swift; path = ItemListView.swift; sourceTree = "<group>"; };
		ECB8C49829AE4AB80035AC59 /* ItemViewModel.swift */ = {isa = PBXFileReference; lastKnownFileType = sourcecode.swift; path = ItemViewModel.swift; sourceTree = "<group>"; };
		ECB8C49A29AE64C00035AC59 /* ItemViewModelTest.swift */ = {isa = PBXFileReference; lastKnownFileType = sourcecode.swift; path = ItemViewModelTest.swift; sourceTree = "<group>"; };
/* End PBXFileReference section */

/* Begin PBXFrameworksBuildPhase section */
		ECB8C45F29AE49BA0035AC59 /* Frameworks */ = {
			isa = PBXFrameworksBuildPhase;
			buildActionMask = 2147483647;
			files = (
			);
			runOnlyForDeploymentPostprocessing = 0;
		};
		ECB8C46F29AE49BB0035AC59 /* Frameworks */ = {
			isa = PBXFrameworksBuildPhase;
			buildActionMask = 2147483647;
			files = (
			);
			runOnlyForDeploymentPostprocessing = 0;
		};
		ECB8C47929AE49BB0035AC59 /* Frameworks */ = {
			isa = PBXFrameworksBuildPhase;
			buildActionMask = 2147483647;
			files = (
			);
			runOnlyForDeploymentPostprocessing = 0;
		};
/* End PBXFrameworksBuildPhase section */

/* Begin PBXGroup section */
		ECB8C45929AE49BA0035AC59 = {
			isa = PBXGroup;
			children = (
				ECB8C46429AE49BA0035AC59 /* simple-mvvm-swiftui */,
				ECB8C47529AE49BB0035AC59 /* simple-mvvm-swiftuiTests */,
				ECB8C47F29AE49BB0035AC59 /* simple-mvvm-swiftuiUITests */,
				ECB8C46329AE49BA0035AC59 /* Products */,
			);
			sourceTree = "<group>";
		};
		ECB8C46329AE49BA0035AC59 /* Products */ = {
			isa = PBXGroup;
			children = (
				ECB8C46229AE49BA0035AC59 /* simple-mvvm-swiftui.app */,
				ECB8C47229AE49BB0035AC59 /* simple-mvvm-swiftuiTests.xctest */,
				ECB8C47C29AE49BB0035AC59 /* simple-mvvm-swiftuiUITests.xctest */,
			);
			name = Products;
			sourceTree = "<group>";
		};
		ECB8C46429AE49BA0035AC59 /* simple-mvvm-swiftui */ = {
			isa = PBXGroup;
			children = (
				ECB8C49529AE4A860035AC59 /* Models */,
				ECB8C49729AE4A950035AC59 /* ViewModels */,
				ECB8C49629AE4A8E0035AC59 /* Views */,
				ECB8C46529AE49BA0035AC59 /* simple_mvvm_swiftuiApp.swift */,
				ECB8C46729AE49BA0035AC59 /* ContentView.swift */,
				ECB8C46929AE49BB0035AC59 /* Assets.xcassets */,
				ECB8C46B29AE49BB0035AC59 /* Preview Content */,
			);
			path = "simple-mvvm-swiftui";
			sourceTree = "<group>";
		};
		ECB8C46B29AE49BB0035AC59 /* Preview Content */ = {
			isa = PBXGroup;
			children = (
				ECB8C46C29AE49BB0035AC59 /* Preview Assets.xcassets */,
			);
			path = "Preview Content";
			sourceTree = "<group>";
		};
		ECB8C47529AE49BB0035AC59 /* simple-mvvm-swiftuiTests */ = {
			isa = PBXGroup;
			children = (
				ECB8C47629AE49BB0035AC59 /* simple_mvvm_swiftuiTests.swift */,
				ECB8C49A29AE64C00035AC59 /* ItemViewModelTest.swift */,
			);
			path = "simple-mvvm-swiftuiTests";
			sourceTree = "<group>";
		};
		ECB8C47F29AE49BB0035AC59 /* simple-mvvm-swiftuiUITests */ = {
			isa = PBXGroup;
			children = (
				ECB8C48029AE49BB0035AC59 /* simple_mvvm_swiftuiUITests.swift */,
				ECB8C48229AE49BB0035AC59 /* simple_mvvm_swiftuiUITestsLaunchTests.swift */,
			);
			path = "simple-mvvm-swiftuiUITests";
			sourceTree = "<group>";
		};
		ECB8C49529AE4A860035AC59 /* Models */ = {
			isa = PBXGroup;
			children = (
				ECB8C49029AE4A410035AC59 /* ItemStore.swift */,
			);
			path = Models;
			sourceTree = "<group>";
		};
		ECB8C49629AE4A8E0035AC59 /* Views */ = {
			isa = PBXGroup;
			children = (
				ECB8C49329AE4A810035AC59 /* ItemListView.swift */,
			);
			path = Views;
			sourceTree = "<group>";
		};
		ECB8C49729AE4A950035AC59 /* ViewModels */ = {
			isa = PBXGroup;
			children = (
				ECB8C49829AE4AB80035AC59 /* ItemViewModel.swift */,
			);
			path = ViewModels;
			sourceTree = "<group>";
		};
/* End PBXGroup section */

/* Begin PBXNativeTarget section */
		ECB8C46129AE49BA0035AC59 /* simple-mvvm-swiftui */ = {
			isa = PBXNativeTarget;
			buildConfigurationList = ECB8C48629AE49BB0035AC59 /* Build configuration list for PBXNativeTarget "simple-mvvm-swiftui" */;
			buildPhases = (
				ECB8C45E29AE49BA0035AC59 /* Sources */,
				ECB8C45F29AE49BA0035AC59 /* Frameworks */,
				ECB8C46029AE49BA0035AC59 /* Resources */,
			);
			buildRules = (
			);
			dependencies = (
			);
			name = "simple-mvvm-swiftui";
			productName = "simple-mvvm-swiftui";
			productReference = ECB8C46229AE49BA0035AC59 /* simple-mvvm-swiftui.app */;
			productType = "com.apple.product-type.application";
		};
		ECB8C47129AE49BB0035AC59 /* simple-mvvm-swiftuiTests */ = {
			isa = PBXNativeTarget;
			buildConfigurationList = ECB8C48929AE49BB0035AC59 /* Build configuration list for PBXNativeTarget "simple-mvvm-swiftuiTests" */;
			buildPhases = (
				ECB8C46E29AE49BB0035AC59 /* Sources */,
				ECB8C46F29AE49BB0035AC59 /* Frameworks */,
				ECB8C47029AE49BB0035AC59 /* Resources */,
			);
			buildRules = (
			);
			dependencies = (
				ECB8C47429AE49BB0035AC59 /* PBXTargetDependency */,
			);
			name = "simple-mvvm-swiftuiTests";
			productName = "simple-mvvm-swiftuiTests";
			productReference = ECB8C47229AE49BB0035AC59 /* simple-mvvm-swiftuiTests.xctest */;
			productType = "com.apple.product-type.bundle.unit-test";
		};
		ECB8C47B29AE49BB0035AC59 /* simple-mvvm-swiftuiUITests */ = {
			isa = PBXNativeTarget;
			buildConfigurationList = ECB8C48C29AE49BB0035AC59 /* Build configuration list for PBXNativeTarget "simple-mvvm-swiftuiUITests" */;
			buildPhases = (
				ECB8C47829AE49BB0035AC59 /* Sources */,
				ECB8C47929AE49BB0035AC59 /* Frameworks */,
				ECB8C47A29AE49BB0035AC59 /* Resources */,
			);
			buildRules = (
			);
			dependencies = (
				ECB8C47E29AE49BB0035AC59 /* PBXTargetDependency */,
			);
			name = "simple-mvvm-swiftuiUITests";
			productName = "simple-mvvm-swiftuiUITests";
			productReference = ECB8C47C29AE49BB0035AC59 /* simple-mvvm-swiftuiUITests.xctest */;
			productType = "com.apple.product-type.bundle.ui-testing";
		};
/* End PBXNativeTarget section */

/* Begin PBXProject section */
		ECB8C45A29AE49BA0035AC59 /* Project object */ = {
			isa = PBXProject;
			attributes = {
				BuildIndependentTargetsInParallel = 1;
				LastSwiftUpdateCheck = 1420;
				LastUpgradeCheck = 1420;
				TargetAttributes = {
					ECB8C46129AE49BA0035AC59 = {
						CreatedOnToolsVersion = 14.2;
					};
					ECB8C47129AE49BB0035AC59 = {
						CreatedOnToolsVersion = 14.2;
						TestTargetID = ECB8C46129AE49BA0035AC59;
					};
					ECB8C47B29AE49BB0035AC59 = {
						CreatedOnToolsVersion = 14.2;
						TestTargetID = ECB8C46129AE49BA0035AC59;
					};
				};
			};
			buildConfigurationList = ECB8C45D29AE49BA0035AC59 /* Build configuration list for PBXProject "simple-mvvm-swiftui" */;
			compatibilityVersion = "Xcode 14.0";
			developmentRegion = en;
			hasScannedForEncodings = 0;
			knownRegions = (
				en,
				Base,
			);
			mainGroup = ECB8C45929AE49BA0035AC59;
			productRefGroup = ECB8C46329AE49BA0035AC59 /* Products */;
			projectDirPath = "";
			projectRoot = "";
			targets = (
				ECB8C46129AE49BA0035AC59 /* simple-mvvm-swiftui */,
				ECB8C47129AE49BB0035AC59 /* simple-mvvm-swiftuiTests */,
				ECB8C47B29AE49BB0035AC59 /* simple-mvvm-swiftuiUITests */,
			);
		};
/* End PBXProject section */

/* Begin PBXResourcesBuildPhase section */
		ECB8C46029AE49BA0035AC59 /* Resources */ = {
			isa = PBXResourcesBuildPhase;
			buildActionMask = 2147483647;
			files = (
				ECB8C46D29AE49BB0035AC59 /* Preview Assets.xcassets in Resources */,
				ECB8C46A29AE49BB0035AC59 /* Assets.xcassets in Resources */,
			);
			runOnlyForDeploymentPostprocessing = 0;
		};
		ECB8C47029AE49BB0035AC59 /* Resources */ = {
			isa = PBXResourcesBuildPhase;
			buildActionMask = 2147483647;
			files = (
			);
			runOnlyForDeploymentPostprocessing = 0;
		};
		ECB8C47A29AE49BB0035AC59 /* Resources */ = {
			isa = PBXResourcesBuildPhase;
			buildActionMask = 2147483647;
			files = (
			);
			runOnlyForDeploymentPostprocessing = 0;
		};
/* End PBXResourcesBuildPhase section */

/* Begin PBXSourcesBuildPhase section */
		ECB8C45E29AE49BA0035AC59 /* Sources */ = {
			isa = PBXSourcesBuildPhase;
			buildActionMask = 2147483647;
			files = (
				ECB8C46829AE49BA0035AC59 /* ContentView.swift in Sources */,
				ECB8C46629AE49BA0035AC59 /* simple_mvvm_swiftuiApp.swift in Sources */,
				ECB8C49129AE4A410035AC59 /* ItemStore.swift in Sources */,
				ECB8C49929AE4AB80035AC59 /* ItemViewModel.swift in Sources */,
				ECB8C49429AE4A810035AC59 /* ItemListView.swift in Sources */,
			);
			runOnlyForDeploymentPostprocessing = 0;
		};
		ECB8C46E29AE49BB0035AC59 /* Sources */ = {
			isa = PBXSourcesBuildPhase;
			buildActionMask = 2147483647;
			files = (
				ECB8C47729AE49BB0035AC59 /* simple_mvvm_swiftuiTests.swift in Sources */,
				ECB8C49B29AE64C00035AC59 /* ItemViewModelTest.swift in Sources */,
			);
			runOnlyForDeploymentPostprocessing = 0;
		};
		ECB8C47829AE49BB0035AC59 /* Sources */ = {
			isa = PBXSourcesBuildPhase;
			buildActionMask = 2147483647;
			files = (
				ECB8C48329AE49BB0035AC59 /* simple_mvvm_swiftuiUITestsLaunchTests.swift in Sources */,
				ECB8C48129AE49BB0035AC59 /* simple_mvvm_swiftuiUITests.swift in Sources */,
			);
			runOnlyForDeploymentPostprocessing = 0;
		};
/* End PBXSourcesBuildPhase section */

/* Begin PBXTargetDependency section */
		ECB8C47429AE49BB0035AC59 /* PBXTargetDependency */ = {
			isa = PBXTargetDependency;
			target = ECB8C46129AE49BA0035AC59 /* simple-mvvm-swiftui */;
			targetProxy = ECB8C47329AE49BB0035AC59 /* PBXContainerItemProxy */;
		};
		ECB8C47E29AE49BB0035AC59 /* PBXTargetDependency */ = {
			isa = PBXTargetDependency;
			target = ECB8C46129AE49BA0035AC59 /* simple-mvvm-swiftui */;
			targetProxy = ECB8C47D29AE49BB0035AC59 /* PBXContainerItemProxy */;
		};
/* End PBXTargetDependency section */

/* Begin XCBuildConfiguration section */
		ECB8C48429AE49BB0035AC59 /* Debug */ = {
			isa = XCBuildConfiguration;
			buildSettings = {
				ALWAYS_SEARCH_USER_PATHS = NO;
				CLANG_ANALYZER_NONNULL = YES;
				CLANG_ANALYZER_NUMBER_OBJECT_CONVERSION = YES_AGGRESSIVE;
				CLANG_CXX_LANGUAGE_STANDARD = "gnu++20";
				CLANG_ENABLE_MODULES = YES;
				CLANG_ENABLE_OBJC_ARC = YES;
				CLANG_ENABLE_OBJC_WEAK = YES;
				CLANG_WARN_BLOCK_CAPTURE_AUTORELEASING = YES;
				CLANG_WARN_BOOL_CONVERSION = YES;
				CLANG_WARN_COMMA = YES;
				CLANG_WARN_CONSTANT_CONVERSION = YES;
				CLANG_WARN_DEPRECATED_OBJC_IMPLEMENTATIONS = YES;
				CLANG_WARN_DIRECT_OBJC_ISA_USAGE = YES_ERROR;
				CLANG_WARN_DOCUMENTATION_COMMENTS = YES;
				CLANG_WARN_EMPTY_BODY = YES;
				CLANG_WARN_ENUM_CONVERSION = YES;
				CLANG_WARN_INFINITE_RECURSION = YES;
				CLANG_WARN_INT_CONVERSION = YES;
				CLANG_WARN_NON_LITERAL_NULL_CONVERSION = YES;
				CLANG_WARN_OBJC_IMPLICIT_RETAIN_SELF = YES;
				CLANG_WARN_OBJC_LITERAL_CONVERSION = YES;
				CLANG_WARN_OBJC_ROOT_CLASS = YES_ERROR;
				CLANG_WARN_QUOTED_INCLUDE_IN_FRAMEWORK_HEADER = YES;
				CLANG_WARN_RANGE_LOOP_ANALYSIS = YES;
				CLANG_WARN_STRICT_PROTOTYPES = YES;
				CLANG_WARN_SUSPICIOUS_MOVE = YES;
				CLANG_WARN_UNGUARDED_AVAILABILITY = YES_AGGRESSIVE;
				CLANG_WARN_UNREACHABLE_CODE = YES;
				CLANG_WARN__DUPLICATE_METHOD_MATCH = YES;
				COPY_PHASE_STRIP = NO;
				DEBUG_INFORMATION_FORMAT = dwarf;
				ENABLE_STRICT_OBJC_MSGSEND = YES;
				ENABLE_TESTABILITY = YES;
				GCC_C_LANGUAGE_STANDARD = gnu11;
				GCC_DYNAMIC_NO_PIC = NO;
				GCC_NO_COMMON_BLOCKS = YES;
				GCC_OPTIMIZATION_LEVEL = 0;
				GCC_PREPROCESSOR_DEFINITIONS = (
					"DEBUG=1",
					"$(inherited)",
				);
				GCC_WARN_64_TO_32_BIT_CONVERSION = YES;
				GCC_WARN_ABOUT_RETURN_TYPE = YES_ERROR;
				GCC_WARN_UNDECLARED_SELECTOR = YES;
				GCC_WARN_UNINITIALIZED_AUTOS = YES_AGGRESSIVE;
				GCC_WARN_UNUSED_FUNCTION = YES;
				GCC_WARN_UNUSED_VARIABLE = YES;
				IPHONEOS_DEPLOYMENT_TARGET = 16.2;
				MTL_ENABLE_DEBUG_INFO = INCLUDE_SOURCE;
				MTL_FAST_MATH = YES;
				ONLY_ACTIVE_ARCH = YES;
				SDKROOT = iphoneos;
				SWIFT_ACTIVE_COMPILATION_CONDITIONS = DEBUG;
				SWIFT_OPTIMIZATION_LEVEL = "-Onone";
			};
			name = Debug;
		};
		ECB8C48529AE49BB0035AC59 /* Release */ = {
			isa = XCBuildConfiguration;
			buildSettings = {
				ALWAYS_SEARCH_USER_PATHS = NO;
				CLANG_ANALYZER_NONNULL = YES;
				CLANG_ANALYZER_NUMBER_OBJECT_CONVERSION = YES_AGGRESSIVE;
				CLANG_CXX_LANGUAGE_STANDARD = "gnu++20";
				CLANG_ENABLE_MODULES = YES;
				CLANG_ENABLE_OBJC_ARC = YES;
				CLANG_ENABLE_OBJC_WEAK = YES;
				CLANG_WARN_BLOCK_CAPTURE_AUTORELEASING = YES;
				CLANG_WARN_BOOL_CONVERSION = YES;
				CLANG_WARN_COMMA = YES;
				CLANG_WARN_CONSTANT_CONVERSION = YES;
				CLANG_WARN_DEPRECATED_OBJC_IMPLEMENTATIONS = YES;
				CLANG_WARN_DIRECT_OBJC_ISA_USAGE = YES_ERROR;
				CLANG_WARN_DOCUMENTATION_COMMENTS = YES;
				CLANG_WARN_EMPTY_BODY = YES;
				CLANG_WARN_ENUM_CONVERSION = YES;
				CLANG_WARN_INFINITE_RECURSION = YES;
				CLANG_WARN_INT_CONVERSION = YES;
				CLANG_WARN_NON_LITERAL_NULL_CONVERSION = YES;
				CLANG_WARN_OBJC_IMPLICIT_RETAIN_SELF = YES;
				CLANG_WARN_OBJC_LITERAL_CONVERSION = YES;
				CLANG_WARN_OBJC_ROOT_CLASS = YES_ERROR;
				CLANG_WARN_QUOTED_INCLUDE_IN_FRAMEWORK_HEADER = YES;
				CLANG_WARN_RANGE_LOOP_ANALYSIS = YES;
				CLANG_WARN_STRICT_PROTOTYPES = YES;
				CLANG_WARN_SUSPICIOUS_MOVE = YES;
				CLANG_WARN_UNGUARDED_AVAILABILITY = YES_AGGRESSIVE;
				CLANG_WARN_UNREACHABLE_CODE = YES;
				CLANG_WARN__DUPLICATE_METHOD_MATCH = YES;
				COPY_PHASE_STRIP = NO;
				DEBUG_INFORMATION_FORMAT = "dwarf-with-dsym";
				ENABLE_NS_ASSERTIONS = NO;
				ENABLE_STRICT_OBJC_MSGSEND = YES;
				GCC_C_LANGUAGE_STANDARD = gnu11;
				GCC_NO_COMMON_BLOCKS = YES;
				GCC_WARN_64_TO_32_BIT_CONVERSION = YES;
				GCC_WARN_ABOUT_RETURN_TYPE = YES_ERROR;
				GCC_WARN_UNDECLARED_SELECTOR = YES;
				GCC_WARN_UNINITIALIZED_AUTOS = YES_AGGRESSIVE;
				GCC_WARN_UNUSED_FUNCTION = YES;
				GCC_WARN_UNUSED_VARIABLE = YES;
				IPHONEOS_DEPLOYMENT_TARGET = 16.2;
				MTL_ENABLE_DEBUG_INFO = NO;
				MTL_FAST_MATH = YES;
				SDKROOT = iphoneos;
				SWIFT_COMPILATION_MODE = wholemodule;
				SWIFT_OPTIMIZATION_LEVEL = "-O";
				VALIDATE_PRODUCT = YES;
			};
			name = Release;
		};
		ECB8C48729AE49BB0035AC59 /* Debug */ = {
			isa = XCBuildConfiguration;
			buildSettings = {
				ASSETCATALOG_COMPILER_APPICON_NAME = AppIcon;
				ASSETCATALOG_COMPILER_GLOBAL_ACCENT_COLOR_NAME = AccentColor;
				CODE_SIGN_STYLE = Automatic;
				CURRENT_PROJECT_VERSION = 1;
				DEVELOPMENT_ASSET_PATHS = "\"simple-mvvm-swiftui/Preview Content\"";
				DEVELOPMENT_TEAM = 7X6CSKVAS2;
				ENABLE_PREVIEWS = YES;
				GENERATE_INFOPLIST_FILE = YES;
				INFOPLIST_KEY_UIApplicationSceneManifest_Generation = YES;
				INFOPLIST_KEY_UIApplicationSupportsIndirectInputEvents = YES;
				INFOPLIST_KEY_UILaunchScreen_Generation = YES;
				INFOPLIST_KEY_UISupportedInterfaceOrientations_iPad = "UIInterfaceOrientationPortrait UIInterfaceOrientationPortraitUpsideDown UIInterfaceOrientationLandscapeLeft UIInterfaceOrientationLandscapeRight";
				INFOPLIST_KEY_UISupportedInterfaceOrientations_iPhone = "UIInterfaceOrientationPortrait UIInterfaceOrientationLandscapeLeft UIInterfaceOrientationLandscapeRight";
				LD_RUNPATH_SEARCH_PATHS = (
					"$(inherited)",
					"@executable_path/Frameworks",
				);
				MARKETING_VERSION = 1.0;
				PRODUCT_BUNDLE_IDENTIFIER = "com.tk1.simple-mvvm-swiftui";
				PRODUCT_NAME = "$(TARGET_NAME)";
				SWIFT_EMIT_LOC_STRINGS = YES;
				SWIFT_VERSION = 5.0;
				TARGETED_DEVICE_FAMILY = "1,2";
			};
			name = Debug;
		};
		ECB8C48829AE49BB0035AC59 /* Release */ = {
			isa = XCBuildConfiguration;
			buildSettings = {
				ASSETCATALOG_COMPILER_APPICON_NAME = AppIcon;
				ASSETCATALOG_COMPILER_GLOBAL_ACCENT_COLOR_NAME = AccentColor;
				CODE_SIGN_STYLE = Automatic;
				CURRENT_PROJECT_VERSION = 1;
				DEVELOPMENT_ASSET_PATHS = "\"simple-mvvm-swiftui/Preview Content\"";
				DEVELOPMENT_TEAM = 7X6CSKVAS2;
				ENABLE_PREVIEWS = YES;
				GENERATE_INFOPLIST_FILE = YES;
				INFOPLIST_KEY_UIApplicationSceneManifest_Generation = YES;
				INFOPLIST_KEY_UIApplicationSupportsIndirectInputEvents = YES;
				INFOPLIST_KEY_UILaunchScreen_Generation = YES;
				INFOPLIST_KEY_UISupportedInterfaceOrientations_iPad = "UIInterfaceOrientationPortrait UIInterfaceOrientationPortraitUpsideDown UIInterfaceOrientationLandscapeLeft UIInterfaceOrientationLandscapeRight";
				INFOPLIST_KEY_UISupportedInterfaceOrientations_iPhone = "UIInterfaceOrientationPortrait UIInterfaceOrientationLandscapeLeft UIInterfaceOrientationLandscapeRight";
				LD_RUNPATH_SEARCH_PATHS = (
					"$(inherited)",
					"@executable_path/Frameworks",
				);
				MARKETING_VERSION = 1.0;
				PRODUCT_BUNDLE_IDENTIFIER = "com.tk1.simple-mvvm-swiftui";
				PRODUCT_NAME = "$(TARGET_NAME)";
				SWIFT_EMIT_LOC_STRINGS = YES;
				SWIFT_VERSION = 5.0;
				TARGETED_DEVICE_FAMILY = "1,2";
			};
			name = Release;
		};
		ECB8C48A29AE49BB0035AC59 /* Debug */ = {
			isa = XCBuildConfiguration;
			buildSettings = {
				ALWAYS_EMBED_SWIFT_STANDARD_LIBRARIES = YES;
				BUNDLE_LOADER = "$(TEST_HOST)";
				CODE_SIGN_STYLE = Automatic;
				CURRENT_PROJECT_VERSION = 1;
				DEVELOPMENT_TEAM = 7X6CSKVAS2;
				GENERATE_INFOPLIST_FILE = YES;
				IPHONEOS_DEPLOYMENT_TARGET = 16.2;
				MARKETING_VERSION = 1.0;
				PRODUCT_BUNDLE_IDENTIFIER = "com.tk1.simple-mvvm-swiftuiTests";
				PRODUCT_NAME = "$(TARGET_NAME)";
				SWIFT_EMIT_LOC_STRINGS = NO;
				SWIFT_VERSION = 5.0;
				TARGETED_DEVICE_FAMILY = "1,2";
				TEST_HOST = "$(BUILT_PRODUCTS_DIR)/simple-mvvm-swiftui.app/$(BUNDLE_EXECUTABLE_FOLDER_PATH)/simple-mvvm-swiftui";
			};
			name = Debug;
		};
		ECB8C48B29AE49BB0035AC59 /* Release */ = {
			isa = XCBuildConfiguration;
			buildSettings = {
				ALWAYS_EMBED_SWIFT_STANDARD_LIBRARIES = YES;
				BUNDLE_LOADER = "$(TEST_HOST)";
				CODE_SIGN_STYLE = Automatic;
				CURRENT_PROJECT_VERSION = 1;
				DEVELOPMENT_TEAM = 7X6CSKVAS2;
				GENERATE_INFOPLIST_FILE = YES;
				IPHONEOS_DEPLOYMENT_TARGET = 16.2;
				MARKETING_VERSION = 1.0;
				PRODUCT_BUNDLE_IDENTIFIER = "com.tk1.simple-mvvm-swiftuiTests";
				PRODUCT_NAME = "$(TARGET_NAME)";
				SWIFT_EMIT_LOC_STRINGS = NO;
				SWIFT_VERSION = 5.0;
				TARGETED_DEVICE_FAMILY = "1,2";
				TEST_HOST = "$(BUILT_PRODUCTS_DIR)/simple-mvvm-swiftui.app/$(BUNDLE_EXECUTABLE_FOLDER_PATH)/simple-mvvm-swiftui";
			};
			name = Release;
		};
		ECB8C48D29AE49BB0035AC59 /* Debug */ = {
			isa = XCBuildConfiguration;
			buildSettings = {
				ALWAYS_EMBED_SWIFT_STANDARD_LIBRARIES = YES;
				CODE_SIGN_STYLE = Automatic;
				CURRENT_PROJECT_VERSION = 1;
				DEVELOPMENT_TEAM = 7X6CSKVAS2;
				GENERATE_INFOPLIST_FILE = YES;
				MARKETING_VERSION = 1.0;
				PRODUCT_BUNDLE_IDENTIFIER = "com.tk1.simple-mvvm-swiftuiUITests";
				PRODUCT_NAME = "$(TARGET_NAME)";
				SWIFT_EMIT_LOC_STRINGS = NO;
				SWIFT_VERSION = 5.0;
				TARGETED_DEVICE_FAMILY = "1,2";
				TEST_TARGET_NAME = "simple-mvvm-swiftui";
			};
			name = Debug;
		};
		ECB8C48E29AE49BB0035AC59 /* Release */ = {
			isa = XCBuildConfiguration;
			buildSettings = {
				ALWAYS_EMBED_SWIFT_STANDARD_LIBRARIES = YES;
				CODE_SIGN_STYLE = Automatic;
				CURRENT_PROJECT_VERSION = 1;
				DEVELOPMENT_TEAM = 7X6CSKVAS2;
				GENERATE_INFOPLIST_FILE = YES;
				MARKETING_VERSION = 1.0;
				PRODUCT_BUNDLE_IDENTIFIER = "com.tk1.simple-mvvm-swiftuiUITests";
				PRODUCT_NAME = "$(TARGET_NAME)";
				SWIFT_EMIT_LOC_STRINGS = NO;
				SWIFT_VERSION = 5.0;
				TARGETED_DEVICE_FAMILY = "1,2";
				TEST_TARGET_NAME = "simple-mvvm-swiftui";
			};
			name = Release;
		};
/* End XCBuildConfiguration section */

/* Begin XCConfigurationList section */
		ECB8C45D29AE49BA0035AC59 /* Build configuration list for PBXProject "simple-mvvm-swiftui" */ = {
			isa = XCConfigurationList;
			buildConfigurations = (
				ECB8C48429AE49BB0035AC59 /* Debug */,
				ECB8C48529AE49BB0035AC59 /* Release */,
			);
			defaultConfigurationIsVisible = 0;
			defaultConfigurationName = Release;
		};
		ECB8C48629AE49BB0035AC59 /* Build configuration list for PBXNativeTarget "simple-mvvm-swiftui" */ = {
			isa = XCConfigurationList;
			buildConfigurations = (
				ECB8C48729AE49BB0035AC59 /* Debug */,
				ECB8C48829AE49BB0035AC59 /* Release */,
			);
			defaultConfigurationIsVisible = 0;
			defaultConfigurationName = Release;
		};
		ECB8C48929AE49BB0035AC59 /* Build configuration list for PBXNativeTarget "simple-mvvm-swiftuiTests" */ = {
			isa = XCConfigurationList;
			buildConfigurations = (
				ECB8C48A29AE49BB0035AC59 /* Debug */,
				ECB8C48B29AE49BB0035AC59 /* Release */,
			);
			defaultConfigurationIsVisible = 0;
			defaultConfigurationName = Release;
		};
		ECB8C48C29AE49BB0035AC59 /* Build configuration list for PBXNativeTarget "simple-mvvm-swiftuiUITests" */ = {
			isa = XCConfigurationList;
			buildConfigurations = (
				ECB8C48D29AE49BB0035AC59 /* Debug */,
				ECB8C48E29AE49BB0035AC59 /* Release */,
			);
			defaultConfigurationIsVisible = 0;
			defaultConfigurationName = Release;
		};
/* End XCConfigurationList section */
	};
	rootObject = ECB8C45A29AE49BA0035AC59 /* Project object */;
}
